
Microsoft Visual Studio Solution File, Format Version 12.00
# Visual Studio Version 17
VisualStudioVersion = 17.4.33213.308
MinimumVisualStudioVersion = 10.0.40219.1
Project("{FAE04EC0-301F-11D3-BF4B-00C04F79EFBC}") = "First", "First.csproj", "{EC8D55AB-635D-4B23-B459-D74B89494F10}"
EndProject
Global
	GlobalSection(SolutionConfigurationPlatforms) = preSolution
		Debug|Any CPU = Debug|Any CPU
		Release|Any CPU = Release|Any CPU
	EndGlobalSection
	GlobalSection(ProjectConfigurationPlatforms) = postSolution
		{EC8D55AB-635D-4B23-B459-D74B89494F10}.Debug|Any CPU.ActiveCfg = Debug|Any CPU
		{EC8D55AB-635D-4B23-B459-D74B89494F10}.Debug|Any CPU.Build.0 = Debug|Any CPU
		{EC8D55AB-635D-4B23-B459-D74B89494F10}.Release|Any CPU.ActiveCfg = Release|Any CPU
		{EC8D55AB-635D-4B23-B459-D74B89494F10}.Release|Any CPU.Build.0 = Release|Any CPU
	EndGlobalSection
	GlobalSection(SolutionProperties) = preSolution
		HideSolutionNode = FALSE
	EndGlobalSection
	GlobalSection(ExtensibilityGlobals) = postSolution
		SolutionGuid = {806A022C-5B84-4857-9EEA-82B54300E84F}
	EndGlobalSection
EndGlobal
